
Microsoft Visual Studio Solution File, Format Version 12.00
# Visual Studio 2013
VisualStudioVersion = 12.0.31101.0
MinimumVisualStudioVersion = 10.0.40219.1
Project("{8BC9CEB8-8B4A-11D0-8D11-00A0C91BC942}") = "pawnstar", "pawnstar.vcxproj", "{FCF33EF6-A7C6-48D0-8780-08347E9086B4}"
EndProject
Project("{8BC9CEB8-8B4A-11D0-8D11-00A0C91BC942}") = "generate_constants", "generate_constants\generate_constants.vcxproj", "{5AC29311-3DC6-47AA-A75F-C8C506A3D58C}"
EndProject
Project("{8BC9CEB8-8B4A-11D0-8D11-00A0C91BC942}") = "magic_bitboards", "magic_bitboards\magic_bitboards.vcxproj", "{E9B02BE2-9CE5-4B2D-B838-6E3FDEC126EC}"
EndProject
Global
	GlobalSection(SolutionConfigurationPlatforms) = preSolution
		Debug|Mixed Platforms = Debug|Mixed Platforms
		Debug|Win32 = Debug|Win32
		Debug|x64 = Debug|x64
		Release|Mixed Platforms = Release|Mixed Platforms
		Release|Win32 = Release|Win32
		Release|x64 = Release|x64
		ReleaseX|Mixed Platforms = ReleaseX|Mixed Platforms
		ReleaseX|Win32 = ReleaseX|Win32
		ReleaseX|x64 = ReleaseX|x64
	EndGlobalSection
	GlobalSection(ProjectConfigurationPlatforms) = postSolution
		{FCF33EF6-A7C6-48D0-8780-08347E9086B4}.Debug|Mixed Platforms.ActiveCfg = Debug|Win32
		{FCF33EF6-A7C6-48D0-8780-08347E9086B4}.Debug|Mixed Platforms.Build.0 = Debug|Win32
		{FCF33EF6-A7C6-48D0-8780-08347E9086B4}.Debug|Win32.ActiveCfg = Debug|Win32
		{FCF33EF6-A7C6-48D0-8780-08347E9086B4}.Debug|Win32.Build.0 = Debug|Win32
		{FCF33EF6-A7C6-48D0-8780-08347E9086B4}.Debug|x64.ActiveCfg = Debug|x64
		{FCF33EF6-A7C6-48D0-8780-08347E9086B4}.Debug|x64.Build.0 = Debug|x64
		{FCF33EF6-A7C6-48D0-8780-08347E9086B4}.Release|Mixed Platforms.ActiveCfg = Release|Win32
		{FCF33EF6-A7C6-48D0-8780-08347E9086B4}.Release|Mixed Platforms.Build.0 = Release|Win32
		{FCF33EF6-A7C6-48D0-8780-08347E9086B4}.Release|Win32.ActiveCfg = Release|Win32
		{FCF33EF6-A7C6-48D0-8780-08347E9086B4}.Release|Win32.Build.0 = Release|Win32
		{FCF33EF6-A7C6-48D0-8780-08347E9086B4}.Release|x64.ActiveCfg = Release|x64
		{FCF33EF6-A7C6-48D0-8780-08347E9086B4}.Release|x64.Build.0 = Release|x64
		{FCF33EF6-A7C6-48D0-8780-08347E9086B4}.ReleaseX|Mixed Platforms.ActiveCfg = ReleaseX|Win32
		{FCF33EF6-A7C6-48D0-8780-08347E9086B4}.ReleaseX|Mixed Platforms.Build.0 = ReleaseX|Win32
		{FCF33EF6-A7C6-48D0-8780-08347E9086B4}.ReleaseX|Win32.ActiveCfg = ReleaseX|Win32
		{FCF33EF6-A7C6-48D0-8780-08347E9086B4}.ReleaseX|Win32.Build.0 = ReleaseX|Win32
		{FCF33EF6-A7C6-48D0-8780-08347E9086B4}.ReleaseX|x64.ActiveCfg = ReleaseX|x64
		{FCF33EF6-A7C6-48D0-8780-08347E9086B4}.ReleaseX|x64.Build.0 = ReleaseX|x64
		{5AC29311-3DC6-47AA-A75F-C8C506A3D58C}.Debug|Mixed Platforms.ActiveCfg = Debug|Win32
		{5AC29311-3DC6-47AA-A75F-C8C506A3D58C}.Debug|Mixed Platforms.Build.0 = Debug|Win32
		{5AC29311-3DC6-47AA-A75F-C8C506A3D58C}.Debug|Win32.ActiveCfg = Debug|Win32
		{5AC29311-3DC6-47AA-A75F-C8C506A3D58C}.Debug|Win32.Build.0 = Debug|Win32
		{5AC29311-3DC6-47AA-A75F-C8C506A3D58C}.Debug|x64.ActiveCfg = Debug|Win32
		{5AC29311-3DC6-47AA-A75F-C8C506A3D58C}.Debug|x64.Build.0 = Debug|Win32
		{5AC29311-3DC6-47AA-A75F-C8C506A3D58C}.Release|Mixed Platforms.ActiveCfg = Debug|Win32
		{5AC29311-3DC6-47AA-A75F-C8C506A3D58C}.Release|Mixed Platforms.Build.0 = Debug|Win32
		{5AC29311-3DC6-47AA-A75F-C8C506A3D58C}.Release|Win32.ActiveCfg = Debug|Win32
		{5AC29311-3DC6-47AA-A75F-C8C506A3D58C}.Release|Win32.Build.0 = Debug|Win32
		{5AC29311-3DC6-47AA-A75F-C8C506A3D58C}.Release|x64.ActiveCfg = Debug|x64
		{5AC29311-3DC6-47AA-A75F-C8C506A3D58C}.Release|x64.Build.0 = Debug|x64
		{5AC29311-3DC6-47AA-A75F-C8C506A3D58C}.ReleaseX|Mixed Platforms.ActiveCfg = Debug|Win32
		{5AC29311-3DC6-47AA-A75F-C8C506A3D58C}.ReleaseX|Mixed Platforms.Build.0 = Debug|Win32
		{5AC29311-3DC6-47AA-A75F-C8C506A3D58C}.ReleaseX|Win32.ActiveCfg = Debug|Win32
		{5AC29311-3DC6-47AA-A75F-C8C506A3D58C}.ReleaseX|Win32.Build.0 = Debug|Win32
		{5AC29311-3DC6-47AA-A75F-C8C506A3D58C}.ReleaseX|x64.ActiveCfg = Debug|x64
		{5AC29311-3DC6-47AA-A75F-C8C506A3D58C}.ReleaseX|x64.Build.0 = Debug|x64
		{E9B02BE2-9CE5-4B2D-B838-6E3FDEC126EC}.Debug|Mixed Platforms.ActiveCfg = Debug|Win32
		{E9B02BE2-9CE5-4B2D-B838-6E3FDEC126EC}.Debug|Mixed Platforms.Build.0 = Debug|Win32
		{E9B02BE2-9CE5-4B2D-B838-6E3FDEC126EC}.Debug|Win32.ActiveCfg = Debug|Win32
		{E9B02BE2-9CE5-4B2D-B838-6E3FDEC126EC}.Debug|Win32.Build.0 = Debug|Win32
		{E9B02BE2-9CE5-4B2D-B838-6E3FDEC126EC}.Debug|x64.ActiveCfg = Debug|x64
		{E9B02BE2-9CE5-4B2D-B838-6E3FDEC126EC}.Debug|x64.Build.0 = Debug|x64
		{E9B02BE2-9CE5-4B2D-B838-6E3FDEC126EC}.Release|Mixed Platforms.ActiveCfg = Release|Win32
		{E9B02BE2-9CE5-4B2D-B838-6E3FDEC126EC}.Release|Mixed Platforms.Build.0 = Release|Win32
		{E9B02BE2-9CE5-4B2D-B838-6E3FDEC126EC}.Release|Win32.ActiveCfg = Release|Win32
		{E9B02BE2-9CE5-4B2D-B838-6E3FDEC126EC}.Release|Win32.Build.0 = Release|Win32
		{E9B02BE2-9CE5-4B2D-B838-6E3FDEC126EC}.Release|x64.ActiveCfg = Release|x64
		{E9B02BE2-9CE5-4B2D-B838-6E3FDEC126EC}.Release|x64.Build.0 = Release|x64
		{E9B02BE2-9CE5-4B2D-B838-6E3FDEC126EC}.ReleaseX|Mixed Platforms.ActiveCfg = Release|Win32
		{E9B02BE2-9CE5-4B2D-B838-6E3FDEC126EC}.ReleaseX|Mixed Platforms.Build.0 = Release|Win32
		{E9B02BE2-9CE5-4B2D-B838-6E3FDEC126EC}.ReleaseX|Win32.ActiveCfg = Release|Win32
		{E9B02BE2-9CE5-4B2D-B838-6E3FDEC126EC}.ReleaseX|Win32.Build.0 = Release|Win32
		{E9B02BE2-9CE5-4B2D-B838-6E3FDEC126EC}.ReleaseX|x64.ActiveCfg = Release|x64
		{E9B02BE2-9CE5-4B2D-B838-6E3FDEC126EC}.ReleaseX|x64.Build.0 = Release|x64
	EndGlobalSection
	GlobalSection(SolutionProperties) = preSolution
		HideSolutionNode = FALSE
	EndGlobalSection
EndGlobal
