<?xml version="1.0" encoding="utf-8"?>
<Project ToolsVersion="4.0" xmlns="http://schemas.microsoft.com/developer/msbuild/2003">
  <ItemGroup>
    <Filter Include="Source Files">
      <UniqueIdentifier>{4FC737F1-C7A5-4376-A066-2A32D752A2FF}</UniqueIdentifier>
      <Extensions>cpp;c;cc;cxx;def;odl;idl;hpj;bat;asm;asmx</Extensions>
    </Filter>
    <Filter Include="Header Files">
      <UniqueIdentifier>{93995380-89BD-4b04-88EB-625FBE52EBFB}</UniqueIdentifier>
      <Extensions>h;hpp;hxx;hm;inl;inc;xsd</Extensions>
    </Filter>
    <Filter Include="Resource Files">
      <UniqueIdentifier>{67DA6AB6-F800-4c08-8B7A-83BB121AAD01}</UniqueIdentifier>
      <Extensions>rc;ico;cur;bmp;dlg;rc2;rct;bin;rgs;gif;jpg;jpeg;jpe;resx;tiff;tif;png;wav;mfcribbon-ms</Extensions>
    </Filter>
  </ItemGroup>
  <ItemGroup>
    <ClInclude Include="bitboard_constants.h">
      <Filter>Header Files</Filter>
    </ClInclude>
    <ClInclude Include="function_prototypes.h">
      <Filter>Header Files</Filter>
    </ClInclude>
    <ClInclude Include="inline_functions.h">
      <Filter>Header Files</Filter>
    </ClInclude>
    <ClInclude Include="macros.h">
      <Filter>Header Files</Filter>
    </ClInclude>
    <ClInclude Include="options.h">
      <Filter>Header Files</Filter>
    </ClInclude>
    <ClInclude Include="pawnstar.h">
      <Filter>Header Files</Filter>
    </ClInclude>
    <ClInclude Include="types.h">
      <Filter>Header Files</Filter>
    </ClInclude>
  </ItemGroup>
  <ItemGroup>
    <ClCompile Include="attacks.c">
      <Filter>Source Files</Filter>
    </ClCompile>
    <ClCompile Include="command_processor.c">
      <Filter>Source Files</Filter>
    </ClCompile>
    <ClCompile Include="debug_hashtable.c">
      <Filter>Source Files</Filter>
    </ClCompile>
    <ClCompile Include="forsyth_edwards.c">
      <Filter>Source Files</Filter>
    </ClCompile>
    <ClCompile Include="game_over_detection.c">
      <Filter>Source Files</Filter>
    </ClCompile>
    <ClCompile Include="generated_data.c">
      <Filter>Source Files</Filter>
    </ClCompile>
    <ClCompile Include="main.c">
      <Filter>Source Files</Filter>
    </ClCompile>
    <ClCompile Include="make_moves.c">
      <Filter>Source Files</Filter>
    </ClCompile>
    <ClCompile Include="move_generation.c">
      <Filter>Source Files</Filter>
    </ClCompile>
    <ClCompile Include="opening_book.c">
      <Filter>Source Files</Filter>
    </ClCompile>
    <ClCompile Include="pawn_structure.c">
      <Filter>Source Files</Filter>
    </ClCompile>
    <ClCompile Include="pins.c">
      <Filter>Source Files</Filter>
    </ClCompile>
    <ClCompile Include="search_alphabeta.c">
      <Filter>Source Files</Filter>
    </ClCompile>
    <ClCompile Include="search_quiescent.c">
      <Filter>Source Files</Filter>
    </ClCompile>
    <ClCompile Include="search_root_node.c">
      <Filter>Source Files</Filter>
    </ClCompile>
    <ClCompile Include="sort_moves.c">
      <Filter>Source Files</Filter>
    </ClCompile>
    <ClCompile Include="static_exchange_evaluation.c">
      <Filter>Source Files</Filter>
    </ClCompile>
    <ClCompile Include="tests_bratko_kopec.c">
      <Filter>Source Files</Filter>
    </ClCompile>
    <ClCompile Include="tests_move_generation.c">
      <Filter>Source Files</Filter>
    </ClCompile>
    <ClCompile Include="tests_pawn_structure.c">
      <Filter>Source Files</Filter>
    </ClCompile>
    <ClCompile Include="tests_static_exchange.c">
      <Filter>Source Files</Filter>
    </ClCompile>
    <ClCompile Include="transposition_table.c">
      <Filter>Source Files</Filter>
    </ClCompile>
    <ClCompile Include="move_to_string.c">
      <Filter>Source Files</Filter>
    </ClCompile>
    <ClCompile Include="random.c">
      <Filter>Source Files</Filter>
    </ClCompile>
    <ClCompile Include="opening_book_moves.c">
      <Filter>Source Files</Filter>
    </ClCompile>
    <ClCompile Include="timer.c">
      <Filter>Source Files</Filter>
    </ClCompile>
    <ClCompile Include="search_single_move.c">
      <Filter>Source Files</Filter>
    </ClCompile>
    <ClCompile Include="evaluation.c">
      <Filter>Source Files</Filter>
    </ClCompile>
    <ClCompile Include="search_start_stop.cpp">
      <Filter>Source Files</Filter>
    </ClCompile>
  </ItemGroup>
  <ItemGroup>
    <None Include="engine_protocol.html">
      <Filter>Resource Files</Filter>
    </None>
    <None Include="clean.bat">
      <Filter>Resource Files</Filter>
    </None>
    <None Include="pawnstar.book">
      <Filter>Resource Files</Filter>
    </None>
    <None Include="Makefile" />
  </ItemGroup>
</Project>